
Microsoft Visual Studio Solution File, Format Version 12.00
# Visual Studio 14
VisualStudioVersion = 14.0.25420.1
MinimumVisualStudioVersion = 10.0.40219.1
Project("{FAE04EC0-301F-11D3-BF4B-00C04F79EFBC}") = "QueryMultiDb", "QueryMultiDb\QueryMultiDb.csproj", "{B22A5CF5-41F2-43CB-9EC2-386647E4B6EE}"
EndProject
Project("{930C7802-8A8C-48F9-8165-68863BCCD9DD}") = "Installer", "Installer\Installer.wixproj", "{62A75CD5-BA53-44F6-81FF-6B7B0F1E3EEE}"
EndProject
Project("{2150E333-8FDC-42A3-9474-1A3956D46DE8}") = "Solution Items", "Solution Items", "{F6ED3BDC-17FB-4B4F-990A-8034AFDCE233}"
	ProjectSection(SolutionItems) = preProject
		.gitignore = .gitignore
		appveyor.yml = appveyor.yml
		CONTRIBUTING.md = CONTRIBUTING.md
		README.md = README.md
		Todo.md = Todo.md
	EndProjectSection
EndProject
Project("{FAE04EC0-301F-11D3-BF4B-00C04F79EFBC}") = "DbTargets", "DbTargets\DbTargets.csproj", "{25826F24-B794-4148-A81B-4370503306F6}"
EndProject
Project("{FAE04EC0-301F-11D3-BF4B-00C04F79EFBC}") = "QueryMultiDb.Tests.Unit", "QueryMultiDb.Tests.Unit\QueryMultiDb.Tests.Unit.csproj", "{C9D06460-FAA9-4DD8-A5A8-3C0C56395F0A}"
EndProject
Global
	GlobalSection(SolutionConfigurationPlatforms) = preSolution
		Debug|Any CPU = Debug|Any CPU
		Debug|x86 = Debug|x86
		Release|Any CPU = Release|Any CPU
		Release|x86 = Release|x86
	EndGlobalSection
	GlobalSection(ProjectConfigurationPlatforms) = postSolution
		{B22A5CF5-41F2-43CB-9EC2-386647E4B6EE}.Debug|Any CPU.ActiveCfg = Debug|Any CPU
		{B22A5CF5-41F2-43CB-9EC2-386647E4B6EE}.Debug|Any CPU.Build.0 = Debug|Any CPU
		{B22A5CF5-41F2-43CB-9EC2-386647E4B6EE}.Debug|x86.ActiveCfg = Debug|Any CPU
		{B22A5CF5-41F2-43CB-9EC2-386647E4B6EE}.Debug|x86.Build.0 = Debug|Any CPU
		{B22A5CF5-41F2-43CB-9EC2-386647E4B6EE}.Release|Any CPU.ActiveCfg = Release|Any CPU
		{B22A5CF5-41F2-43CB-9EC2-386647E4B6EE}.Release|Any CPU.Build.0 = Release|Any CPU
		{B22A5CF5-41F2-43CB-9EC2-386647E4B6EE}.Release|x86.ActiveCfg = Release|Any CPU
		{B22A5CF5-41F2-43CB-9EC2-386647E4B6EE}.Release|x86.Build.0 = Release|Any CPU
		{62A75CD5-BA53-44F6-81FF-6B7B0F1E3EEE}.Debug|Any CPU.ActiveCfg = Debug|x86
		{62A75CD5-BA53-44F6-81FF-6B7B0F1E3EEE}.Debug|Any CPU.Build.0 = Debug|x86
		{62A75CD5-BA53-44F6-81FF-6B7B0F1E3EEE}.Debug|x86.ActiveCfg = Debug|x86
		{62A75CD5-BA53-44F6-81FF-6B7B0F1E3EEE}.Debug|x86.Build.0 = Debug|x86
		{62A75CD5-BA53-44F6-81FF-6B7B0F1E3EEE}.Release|Any CPU.ActiveCfg = Release|x86
		{62A75CD5-BA53-44F6-81FF-6B7B0F1E3EEE}.Release|Any CPU.Build.0 = Release|x86
		{62A75CD5-BA53-44F6-81FF-6B7B0F1E3EEE}.Release|x86.ActiveCfg = Release|x86
		{62A75CD5-BA53-44F6-81FF-6B7B0F1E3EEE}.Release|x86.Build.0 = Release|x86
		{25826F24-B794-4148-A81B-4370503306F6}.Debug|Any CPU.ActiveCfg = Debug|Any CPU
		{25826F24-B794-4148-A81B-4370503306F6}.Debug|Any CPU.Build.0 = Debug|Any CPU
		{25826F24-B794-4148-A81B-4370503306F6}.Debug|x86.ActiveCfg = Debug|Any CPU
		{25826F24-B794-4148-A81B-4370503306F6}.Debug|x86.Build.0 = Debug|Any CPU
		{25826F24-B794-4148-A81B-4370503306F6}.Release|Any CPU.ActiveCfg = Release|Any CPU
		{25826F24-B794-4148-A81B-4370503306F6}.Release|Any CPU.Build.0 = Release|Any CPU
		{25826F24-B794-4148-A81B-4370503306F6}.Release|x86.ActiveCfg = Release|Any CPU
		{25826F24-B794-4148-A81B-4370503306F6}.Release|x86.Build.0 = Release|Any CPU
		{C9D06460-FAA9-4DD8-A5A8-3C0C56395F0A}.Debug|Any CPU.ActiveCfg = Debug|Any CPU
		{C9D06460-FAA9-4DD8-A5A8-3C0C56395F0A}.Debug|Any CPU.Build.0 = Debug|Any CPU
		{C9D06460-FAA9-4DD8-A5A8-3C0C56395F0A}.Debug|x86.ActiveCfg = Debug|Any CPU
		{C9D06460-FAA9-4DD8-A5A8-3C0C56395F0A}.Debug|x86.Build.0 = Debug|Any CPU
		{C9D06460-FAA9-4DD8-A5A8-3C0C56395F0A}.Release|Any CPU.ActiveCfg = Release|Any CPU
		{C9D06460-FAA9-4DD8-A5A8-3C0C56395F0A}.Release|Any CPU.Build.0 = Release|Any CPU
		{C9D06460-FAA9-4DD8-A5A8-3C0C56395F0A}.Release|x86.ActiveCfg = Release|Any CPU
		{C9D06460-FAA9-4DD8-A5A8-3C0C56395F0A}.Release|x86.Build.0 = Release|Any CPU
	EndGlobalSection
	GlobalSection(SolutionProperties) = preSolution
		HideSolutionNode = FALSE
	EndGlobalSection
EndGlobal
